
Microsoft Visual Studio Solution File, Format Version 12.00
# Visual Studio Version 17
VisualStudioVersion = 17.5.33530.505
MinimumVisualStudioVersion = 10.0.40219.1
Project("{FAE04EC0-301F-11D3-BF4B-00C04F79EFBC}") = "LMS 2", "LMS 2\LMS 2.csproj", "{032A15DC-5A7F-4775-950A-8378A219E900}"
EndProject
Global
	GlobalSection(SolutionConfigurationPlatforms) = preSolution
		Debug|Any CPU = Debug|Any CPU
		Release|Any CPU = Release|Any CPU
	EndGlobalSection
	GlobalSection(ProjectConfigurationPlatforms) = postSolution
		{032A15DC-5A7F-4775-950A-8378A219E900}.Debug|Any CPU.ActiveCfg = Debug|Any CPU
		{032A15DC-5A7F-4775-950A-8378A219E900}.Debug|Any CPU.Build.0 = Debug|Any CPU
		{032A15DC-5A7F-4775-950A-8378A219E900}.Release|Any CPU.ActiveCfg = Release|Any CPU
		{032A15DC-5A7F-4775-950A-8378A219E900}.Release|Any CPU.Build.0 = Release|Any CPU
	EndGlobalSection
	GlobalSection(SolutionProperties) = preSolution
		HideSolutionNode = FALSE
	EndGlobalSection
	GlobalSection(ExtensibilityGlobals) = postSolution
		SolutionGuid = {2F871DB0-ABFB-4297-9806-DC3773894EA8}
	EndGlobalSection
EndGlobal
